# Derived resolution state for the Athena package graph.
# Generated from compiler-owned repository resolution. Manifest intent remains authoritative.
version: 2
schema: repository-lock-v2
compilerSchema: athena-lock-v2
validatedLockStateDigest: lock-state:4f5103b3533d14bcea025c1d12beb2fc3b5fcc627f52109f1d9f75243dd67d15
primaryPackage:
  name: com.engineeringood.m22.sample
  version: 1.0.0
packages:
  - name: com.engineeringood.m22.sample
    version: 1.0.0
    sourceRoot: src
    snapshotDigest: package-snapshot:9c3ffab1f27dff302a255d9747a7e2369cddb24371cb4f27ba1577dd8efe298f
    sourceHashes:
      - path: com/engineeringood/m22/sample/01-baseline-sheet.athena
        hash: sha256:03705a65f4805a89cc4336331b13536a0d99681c44557ce44cc45b919037ea0b
      - path: com/engineeringood/m22/sample/02-layout-optimization-acceptance.athena
        hash: sha256:cd3f8205075b78c01c6c06bf4e94dae54ae5ac330b6d9a38646c33836eec89eb
      - path: com/engineeringood/m22/sample/03-component-round-trip.athena
        hash: sha256:6f67c53e0b10ebc88a76bd9392a9f57055f9d1aea66fdb2c401e5301a005e8d4
      - path: com/engineeringood/m22/sample/04-boundary-scope.athena
        hash: sha256:f71dae81bd1a1cc82b8558c56155c074a4372e950e1d2211d010639bed4c6ffc
    resourceHashes: []
    dependencies: []
