# Derived resolution state for the Athena package graph.
# Generated from compiler-owned repository resolution. Manifest intent remains authoritative.
version: 2
schema: repository-lock-v2
compilerSchema: athena-m35-lock-v2
validatedLockStateDigest: lock-state/v1:93a668f2ce31285e179a16512d7790fac872546f76a63fc1a8b485aefec3bed7
primaryPackage:
  name: com.engineeringood.m10.proof
  version: 0.1.1
packages:
  - name: com.engineeringood.m10.proof
    version: 0.1.1
    sourceRoot: src
    snapshotDigest: package-snapshot/v1:5813cf2db8260bdbb49be9a55bd256a112a47ba80b1a0dd5d4a6873c1a609664
    sourceHashes:
      - path: com/engineeringood/m10/proof/factoryline.athena
        hash: sha256:f66a5a0b891178004cc01c889a94deb1b69cd40e897ea1070a23162dddbf054e
    resourceHashes: []
    dependencies: []
