# Derived resolution state for the Athena package graph.
# Generated from compiler-owned repository resolution. Manifest intent remains authoritative.
version: 2
schema: repository-lock-v2
compilerSchema: athena-lock-v2
validatedLockStateDigest: lock-state:4c7f10f65968143456bcb247dc71d7f64ada1beb348d6804706f6bf0fff36231
primaryPackage:
  name: com.engineeringood.m43.rollingshutter
  version: 0.1.0
packages:
  - name: com.engineeringood.m43.rollingshutter
    version: 0.1.0
    sourceRoot: src
    snapshotDigest: package-snapshot:17cf330bf9726f449458be2e53331a394313bba6788af80ddd3f04f55984c1a9
    sourceHashes:
      - path: com/engineeringood/m43/rollingshutter/rolling-shutter.athena
        hash: sha256:bb7d3b88448c3b2fd9355ee9b7f5d5be3a0957d4383813c2954ae16788541612
      - path: com/engineeringood/m43/rollingshutter/rolling-shutter.sheet.athena
        hash: sha256:e6001c18dfde10e4be64efc4fa32a28afc567145139dd15d6375aeb7f20d376b
    resourceHashes: []
    dependencies: []
