# Derived resolution state for the Athena package graph.
# Generated from compiler-owned repository resolution. Manifest intent remains authoritative.
version: 2
schema: repository-lock-v2
compilerSchema: athena-lock-v2
validatedLockStateDigest: lock-state:51e51cb69eac0f2a808408dee79510f8bde9a24ffc1dcbdcae7bbe9bf7dc2a2a
primaryPackage:
  name: com.engineeringood.m17.parity
  version: 1.0.0
packages:
  - name: com.engineeringood.m17.parity
    version: 1.0.0
    sourceRoot: src
    snapshotDigest: package-snapshot:6b1fe69184d572220bc3bc3dd23efdfb716f4eb12bdde8e2f89594c709faac1a
    sourceHashes:
      - path: com/engineeringood/m17/parity/parity-repo.athena
        hash: sha256:f0baaef48900332a898d30dd4decc93e0c147e5dfb127fabd82d61c91ad55dcf
    resourceHashes: []
    dependencies: []
