# Derived resolution state for the Athena package graph.
# Generated from compiler-owned repository resolution. Manifest intent remains authoritative.
version: 2
schema: repository-lock-v2
compilerSchema: athena-lock-v2
validatedLockStateDigest: lock-state:f81959a0c0e81703e0ffc832becdfae0f5b978ae04343f243f0d198e8a9fb1fc
primaryPackage:
  name: com.engineeringood.m17.parity
  version: 1.0.0
packages:
  - name: com.engineeringood.m17.parity
    version: 1.0.0
    sourceRoot: src
    snapshotDigest: package-snapshot:97252d2dfee57ec17ad4f76dec9ac4234424ca13091933ffc688f3f90d024618
    sourceHashes:
      - path: com/engineeringood/m17/parity/parity-repo.athena
        hash: sha256:c1db4c2a93d7f054f8be3ae2448f425933ff80a96e50c2a1b35ab57cf7b29a7a
    resourceHashes: []
    dependencies: []
