# Derived resolution state for the Athena package graph.
# Generated from compiler-owned repository resolution. Manifest intent remains authoritative.
version: 2
schema: repository-lock-v2
compilerSchema: athena-lock-v2
validatedLockStateDigest: lock-state:51d38010a49594a5c46a8bd1360aefc60651f2ba6c43125eb62b5425566fdd7f
primaryPackage:
  name: com.engineeringood.assemblyline
  version: 1.0.0
packages:
  - name: com.engineeringood.assemblyline
    version: 1.0.0
    sourceRoot: src
    snapshotDigest: package-snapshot:1d6084e1e7491422bfe4ea3c0aebf8014a03f8d123a30de771ae58d5825b1c55
    sourceHashes:
      - path: com/engineeringood/assemblyline/assemblyline.athena
        hash: sha256:bebfa9d7bb211350486da044f44208774ca6144b8832b3623b2002276058a001
    resourceHashes: []
    dependencies: []
