# Derived resolution state for the Athena package graph.
# Generated from compiler-owned repository resolution. Manifest intent remains authoritative.
version: 2
schema: repository-lock-v2
compilerSchema: athena-lock-v2
validatedLockStateDigest: lock-state:801617bfbfe56cd07a35ed7772d98c9a229af288bff69acb078868d7c2201489
primaryPackage:
  name: com.engineeringood.assemblyline
  version: 1.0.0
packages:
  - name: com.engineeringood.assemblyline
    version: 1.0.0
    sourceRoot: src
    snapshotDigest: package-snapshot:fd6cda3d04533a63874845edf80bf81dfa6b879a2b38500561aa46c131c5224c
    sourceHashes:
      - path: com/engineeringood/assemblyline/assemblyline.athena
        hash: sha256:352bdcb6d59dedb2683a2b81f335fcd401fe5588624d7f28d5da0594e6476b52
    resourceHashes: []
    dependencies: []
