# Derived resolution state for the Athena package graph.
# Generated from compiler-owned repository resolution. Manifest intent remains authoritative.
version: 3
schema: athena-lock-v3
compilerSchema: athena-lock-v3-c14n-v1
validatedLockStateDigest: lock-state:f6fb8264e844f26da9d4eb384855b0cf1b62cc0695fa7c880b68e26e40e2b139
primaryPackage:
  name: com.engineeringood.m46.rollingshutter
  version: 0.1.0
packages:
  - name: com.engineeringood.m46.rollingshutter
    version: 0.1.0
    sourceRoot: src
    manifestDigest: sha256:0000000000000000000000000000000000000000000000000000000000000000
    items: []
    assetProfile: svg-safe-1
    sourceHashes:
      - path: com/engineeringood/m46/rollingshutter/rolling-shutter.athena
        hash: sha256:83a3f728b45a3eef5367acb9ffdab75d7c6ac08d5d6015fb50f284c11742584f
      - path: com/engineeringood/m46/rollingshutter/rolling-shutter.folio.athena
        hash: sha256:83cabaf5689a99725cfa8d7c67944eae6f1b33c2500f76565fc1d0f49c63da91
    resourceHashes: []
    dependencies:
      - name: com.athena.iec
        version: 1.0.0
      - name: com.community.elements
        version: 1.0.0
  - name: com.athena.iec
    version: 1.0.0
    sourceRoot: packages/com.athena.iec
    manifestDigest: sha256:f341d55ea2437ae1d1c42bd101806a04744fe30fab1c89c894643d8226449512
    items:
      - itemId: breaker_element
        itemVersion: 1.0.0
        kind: ELEMENT
        digest: sha256:4c8901380bbae2965cdf44e19cad03cedcb08ad11ff22fa398f46645b62daf8e
        sourcePath: src/breaker.athena
        resourceRefs: [resources/breaker.svg]
        attributes: [interfaceFingerprint=73ea79fdb8e51c190895a4ee3daa78263965fc82b1c67ff72421c11b13f111ca]
      - itemId: coil_element
        itemVersion: 1.0.0
        kind: ELEMENT
        digest: sha256:b2e37099cda6d8b25ada224df51287f0c3250d721db491fba354c916bf71c5a8
        sourcePath: src/coil.athena
        resourceRefs: [resources/contactor-coil.svg]
        attributes: [interfaceFingerprint=0c12560f3bab0e52d319e9585f4d6eb78b5f1ced5e8c239541b6b0b2e6f4904c]
      - itemId: contactor_element
        itemVersion: 1.0.0
        kind: ELEMENT
        digest: sha256:ff32f332e4e14c631ffdda0c8bdef2a6b40605fe2caf95f3baa549e034b79fff
        sourcePath: src/contactor.athena
        resourceRefs: [resources/contactor-power.svg]
        attributes: [interfaceFingerprint=fe6942b6fe05e0c7b4c2c2c35288a65a0010c978dca3cc53e7c317385364eb96]
      - itemId: motor_element
        itemVersion: 1.0.0
        kind: ELEMENT
        digest: sha256:a43a3dde37ecb29e45b3ee93cdd86520b58595626dc08516ddd43d9ea7700c54
        sourcePath: src/motor.athena
        resourceRefs: [resources/motor.svg]
        attributes: [interfaceFingerprint=a6492d9ed99d06a6454de4cc82fdd528c11999cc2b49c383879504449932f1bf]
      - itemId: overload_element
        itemVersion: 1.0.0
        kind: ELEMENT
        digest: sha256:67973db945adbf1d37128e6171895668ee2127df33a2f18790161cbac0dd5972
        sourcePath: src/overload.athena
        resourceRefs: [resources/overload.svg]
        attributes: [interfaceFingerprint=67cd5652bd7cf69b3ee33f8bbea315eda95a5f55c1c3daeab155c10f2014cb13]
      - itemId: starter_element
        itemVersion: 1.0.0
        kind: ELEMENT
        digest: sha256:34b52724af6f3bb80b3c0fad2e3781499543456c74edec549416495f16bb4fad
        sourcePath: src/reuse.athena
        resourceRefs: [resources/breaker.svg, resources/contactor-power.svg]
        attributes: [interfaceFingerprint=bc10ab3c582d85ebd4825b07785ee7a492a82d6003d1ed799f73deb2db143c31]
      - itemId: supply_element
        itemVersion: 1.0.0
        kind: ELEMENT
        digest: sha256:43f08f5e4b47820caa2875bfd43dc5d4187b399412e601f63734e421c7c96cfd
        sourcePath: src/supply.athena
        resourceRefs: [resources/supply.svg]
        attributes: [interfaceFingerprint=efe84f46df3d94e652af0a0329eab6678955f40323ca37e01b1ed0c783f591a5]
      - itemId: transformer_element
        itemVersion: 1.0.0
        kind: ELEMENT
        digest: sha256:d576588d43700bf0b5f25a05ca69dc48838696f336c3f7c21151572c172bef47
        sourcePath: src/transformer.athena
        resourceRefs: [resources/transformer.svg]
        attributes: [interfaceFingerprint=6b19cdd1493ba44b99f27d47269a34a94a17e4ef94c88b9cd52cc8d82c1df9ec]
      - itemId: rolling_shutter_starter
        itemVersion: 1.0.0
        kind: MACRO
        digest: sha256:038987c94981f2a6c03b4d74513b26138cfba77fe530ae68131fda7ce0c71976
        sourcePath: src/reuse.athena
        resourceRefs: []
        attributes: [child.000.bindingRole=primary, child.000.element=contactor_element, child.000.functionSlot=switching, child.000.rotation=0, child.000.x=0, child.000.y=0, child.001.bindingRole=primary, child.001.element=motor_element, child.001.functionSlot=load, child.001.rotation=0, child.001.x=30, child.001.y=0]
      - itemId: generic_breaker
        itemVersion: 1.0.0
        kind: PART
        digest: sha256:06c3a7544884db45937d6bcbb3e619e09aee7bf688474490987581e8c7a9b144
        sourcePath: src/parts.athena
        resourceRefs: []
        attributes: []
      - itemId: generic_contactor
        itemVersion: 1.0.0
        kind: PART
        digest: sha256:4db02c0a3d73d7fb6623cbba729c06014f4fda557d672016734279f495273097
        sourcePath: src/parts.athena
        resourceRefs: []
        attributes: []
      - itemId: generic_overload
        itemVersion: 1.0.0
        kind: PART
        digest: sha256:1d235706309c2e2c48a96789ca45c98fedd3401851f579a0c3425343dea203a1
        sourcePath: src/parts.athena
        resourceRefs: []
        attributes: []
      - itemId: breaker
        itemVersion: 1.0.0
        kind: SYMBOL
        digest: sha256:21aec89c203deb69146d2450d00d7adfde1b5567946de3a9eec861577344b27c
        sourcePath: src/breaker.athena
        resourceRefs: [resources/breaker.svg]
        attributes: []
      - itemId: coil
        itemVersion: 1.0.0
        kind: SYMBOL
        digest: sha256:96000bc56ff4375e5d81893bd8bb0715f9c57c0e45552f117b63bbabe19e0173
        sourcePath: src/coil.athena
        resourceRefs: [resources/contactor-coil.svg]
        attributes: []
      - itemId: contactor
        itemVersion: 1.0.0
        kind: SYMBOL
        digest: sha256:fd21991700bb51a8eb392c7267ddb02db4ecb313dbab0e20258074636895cad2
        sourcePath: src/contactor.athena
        resourceRefs: [resources/contactor-power.svg]
        attributes: []
      - itemId: motor
        itemVersion: 1.0.0
        kind: SYMBOL
        digest: sha256:412e6c05e5239a7d97cb5910b4b4b5dca7f7785159ff99bb51ba4a3129d90e67
        sourcePath: src/motor.athena
        resourceRefs: [resources/motor.svg]
        attributes: []
      - itemId: overload
        itemVersion: 1.0.0
        kind: SYMBOL
        digest: sha256:3b010d7add09a73b276131f4bfaf27c40a136d2a6bf6c40693b8c1f49ab0719e
        sourcePath: src/overload.athena
        resourceRefs: [resources/overload.svg]
        attributes: []
      - itemId: supply
        itemVersion: 1.0.0
        kind: SYMBOL
        digest: sha256:0debf8911860a089a4f0e96533228ebc6381922e1b0b6e34ad8649d1934e672d
        sourcePath: src/supply.athena
        resourceRefs: [resources/supply.svg]
        attributes: []
      - itemId: transformer
        itemVersion: 1.0.0
        kind: SYMBOL
        digest: sha256:178612b5b23316b2f9397d2833bf141fccaa03f9480b3b3687f58bdc6fa79cf2
        sourcePath: src/transformer.athena
        resourceRefs: [resources/transformer.svg]
        attributes: []
    assetProfile: svg-safe-1
    sourceHashes:
      - path: src/breaker.athena
        hash: sha256:8570cd244cb8478cd71f272cd46d3c95433cb5190af53bd139b63cc7eb64fdc7
      - path: src/coil.athena
        hash: sha256:d9ca982f742dbd7cff84995b0589adbedfa698a5b5727dda9bf245b6731d60cf
      - path: src/contactor.athena
        hash: sha256:778440b921cf1a3a54084567af0206ddc2482248d98e241708b8b45d94fcea81
      - path: src/motor.athena
        hash: sha256:02453ced2be551965aca71d32ca59bfe7ff3df614554019577fa689e0c010fce
      - path: src/overload.athena
        hash: sha256:8bb709b0f3cc9e3d09e2b1ceb6ff19019d56bf12ae2a01374ba55b40dfc36884
      - path: src/parts.athena
        hash: sha256:0ea9fd7a6b0c6fdcd24433703af3095c5c0ffac6c7001e309530961d7fd4aa40
      - path: src/reuse.athena
        hash: sha256:8d5966ae90b7714a83ecb154438289c10a7450f9de08daf4c1b93fbd17d619ed
      - path: src/supply.athena
        hash: sha256:7c72ef3dd6cf7864d5887156881cd7ca83277a57102886fb23c7ff936ae5fd9e
      - path: src/transformer.athena
        hash: sha256:e967e437c933dde301f6f9d01f2d4b84277c83b0fb4dd258d40efafc366f9d6d
    resourceHashes:
      - key: resources/breaker.svg
        path: resources/breaker.svg
        hash: sha256:87a74bed916e2b5b9cf9eab9c4c8787578de6ada3b9e4ae303452dbf24888fac
      - key: resources/contactor-coil.svg
        path: resources/contactor-coil.svg
        hash: sha256:328ae3c90291f61ca0b77d0437ae204379cb1ce689abb324a855646748750a0e
      - key: resources/contactor-power.svg
        path: resources/contactor-power.svg
        hash: sha256:f5096c94b67d62841e8d920c18b5e991c97ddc24949df8ec0b4d131e633b913b
      - key: resources/contactor.svg
        path: resources/contactor.svg
        hash: sha256:2f30f8c8f431b825184b4cedccc276a79ab7fa356a8988df3123c18662566440
      - key: resources/motor.svg
        path: resources/motor.svg
        hash: sha256:9fcec0ac7a62c1d9b36d61e1af327aff90156c208a039851f55c7f9fd2513585
      - key: resources/overload.svg
        path: resources/overload.svg
        hash: sha256:67843d6aad7505417c28bd2d0900458013b44e81de1529ac5b5b5aea4cf7d922
      - key: resources/supply.svg
        path: resources/supply.svg
        hash: sha256:36bd9acfa7b6bd2dae0938c7acfd0d1f5570a5a069f6237b2257e33b3edcd2c5
      - key: resources/transformer.svg
        path: resources/transformer.svg
        hash: sha256:2129717575e0e19c345e0235804977f76f1df4af659dc4c572f9ad12517d92db
    dependencies: []
  - name: com.community.elements
    version: 1.0.0
    sourceRoot: packages/com.community.elements
    manifestDigest: sha256:3a93a67a3e30d63f52e08e176a2ff4c9089d09ddff5c1b35bc3435eb29337897
    items:
      - itemId: contact_nc_element
        itemVersion: 1.0.0
        kind: ELEMENT
        digest: sha256:e57b9280edf88441ee2ceffa31b723edc7716e0ad6e9520c53557b8d5d84db36
        sourcePath: src/controls.athena
        resourceRefs: [resources/contact-nc.svg]
        attributes: [interfaceFingerprint=37da7e42e805c71ac897bf617246ad919fb3bf81f14f8d3f5e0bfc80dba35bbb]
      - itemId: contact_no_element
        itemVersion: 1.0.0
        kind: ELEMENT
        digest: sha256:c43d90e6994870db8d7ca19f13977e89742bdae61d3687871f5f68fc74d8cf0f
        sourcePath: src/controls.athena
        resourceRefs: [resources/contact-no.svg]
        attributes: [interfaceFingerprint=f9aa5d7d3462b009b7562b8f8e1a6a5ed5307274703b4887dabc9d655223914a]
      - itemId: lamp_element
        itemVersion: 1.0.0
        kind: ELEMENT
        digest: sha256:8617be45e592c2b7b83bc01f6cc9318aa4cc8530dabced28b643497d72c0cd0b
        sourcePath: src/controls.athena
        resourceRefs: [resources/lamp.svg]
        attributes: [interfaceFingerprint=7c7cd319fee9e6ee5416bb52d3c16c65feee56c62431846515dd616127507df0]
      - itemId: limit_nc_element
        itemVersion: 1.0.0
        kind: ELEMENT
        digest: sha256:e16eaf3e632d042f9896de24bd9712a2e1e9aa95b79aaa2eb824d9fcd3f1b60e
        sourcePath: src/controls.athena
        resourceRefs: [resources/limit-nc.svg]
        attributes: [interfaceFingerprint=f5ac81834f87e4201b957452465aedae774157be753d015851d8bc06bcb02b09]
      - itemId: limit_no_element
        itemVersion: 1.0.0
        kind: ELEMENT
        digest: sha256:d69b4406515a793a5b2ca6ea7df336e62d463f56452dc1cf788b9d34906cfe8e
        sourcePath: src/controls.athena
        resourceRefs: [resources/limit-no.svg]
        attributes: [interfaceFingerprint=a9184a2543ffb321c55c9253138bf505968accead0ac2c4a9e104da6609ce8a5]
      - itemId: plc_element
        itemVersion: 1.0.0
        kind: ELEMENT
        digest: sha256:6b3be0339ace13f5d506ebb3644090e3819411d9c9f2a07865e55b16e74acb85
        sourcePath: src/controls.athena
        resourceRefs: [resources/plc.svg]
        attributes: [interfaceFingerprint=a4fa1ef4bca3b4cd5de1a7c866bdee798745f08836e2082147ea0c814d29c213]
      - itemId: terminal_element
        itemVersion: 1.0.0
        kind: ELEMENT
        digest: sha256:8219572de716f30f26339e7bd4ab9f972199aec153eba6135b609b94548aed64
        sourcePath: src/controls.athena
        resourceRefs: [resources/terminal.svg]
        attributes: [interfaceFingerprint=cdbfa22889240bb0de0065d5827b82c5fb6fbfa0f7b5570b9f62ba3c6d3ea3d0]
      - itemId: sensor_proximity
        itemVersion: 1.0.0
        kind: PART
        digest: sha256:00758bbcbcf9a03ca2d0cd9c0a5d71b8bec61f0ba80bd5d2f3cac804a7f8c223
        sourcePath: src/parts.athena
        resourceRefs: []
        attributes: []
      - itemId: contact_nc
        itemVersion: 1.0.0
        kind: SYMBOL
        digest: sha256:29033cf9aef5d1e470e972265bc5f5265090da92256669a55a0e84f9b22a75eb
        sourcePath: src/controls.athena
        resourceRefs: [resources/contact-nc.svg]
        attributes: []
      - itemId: contact_no
        itemVersion: 1.0.0
        kind: SYMBOL
        digest: sha256:db2cfb337c04f12bb0a1c16526b99bfd06a0f9535920e16a783330b15a520eb9
        sourcePath: src/controls.athena
        resourceRefs: [resources/contact-no.svg]
        attributes: []
      - itemId: lamp
        itemVersion: 1.0.0
        kind: SYMBOL
        digest: sha256:f2784182641231728d23a524375382952db93b264a9d7fc0287d22a83b17ab36
        sourcePath: src/controls.athena
        resourceRefs: [resources/lamp.svg]
        attributes: []
      - itemId: limit_nc
        itemVersion: 1.0.0
        kind: SYMBOL
        digest: sha256:50775e18b8a360fc8730488a3f02f8c9de9eee75a8fbe5301383f97b73a5d937
        sourcePath: src/controls.athena
        resourceRefs: [resources/limit-nc.svg]
        attributes: []
      - itemId: limit_no
        itemVersion: 1.0.0
        kind: SYMBOL
        digest: sha256:d423ebb0b539f380b266bd9dc93d1f314f64b704ad8e9a5407bab51d7bc5b6bb
        sourcePath: src/controls.athena
        resourceRefs: [resources/limit-no.svg]
        attributes: []
      - itemId: plc
        itemVersion: 1.0.0
        kind: SYMBOL
        digest: sha256:369cd6d625dea4c38b296204589051f4a97e7cd360c5947a7c8733183371cd60
        sourcePath: src/controls.athena
        resourceRefs: [resources/plc.svg]
        attributes: []
      - itemId: terminal
        itemVersion: 1.0.0
        kind: SYMBOL
        digest: sha256:0da8b83b96e7b79c72c7fbd241e9d78003cc556dd5f01a32b2ecdcf6f5d30fe4
        sourcePath: src/controls.athena
        resourceRefs: [resources/terminal.svg]
        attributes: []
    assetProfile: svg-safe-1
    sourceHashes:
      - path: src/controls.athena
        hash: sha256:fddd67a0117f6f29c81ec1f1e8c720a3ff50c878da888da175139cdb914219dd
      - path: src/parts.athena
        hash: sha256:afb9393990c43f3303143c9613e4cb7b243353a5f07e5215c1d70c44437d84fd
    resourceHashes:
      - key: resources/contact-nc.svg
        path: resources/contact-nc.svg
        hash: sha256:69face276b332158d0262f4053e0d11dc0bf96688881efa10660a0df825bc9c4
      - key: resources/contact-no.svg
        path: resources/contact-no.svg
        hash: sha256:70d3c39f47286ea8fcce636741814ec6e3a9769141da6d14b17391e22f8d5fc8
      - key: resources/lamp.svg
        path: resources/lamp.svg
        hash: sha256:b716a0e6aa58c7b1b06d8712580e8969e94e6e35e83e941cf3858fe371b38863
      - key: resources/limit-nc.svg
        path: resources/limit-nc.svg
        hash: sha256:4ed13538cb672b5a375c5822c95fccf98ba636ec6b112774573b91971ed5bdb3
      - key: resources/limit-no.svg
        path: resources/limit-no.svg
        hash: sha256:7729b2940e1013a890fb5d414da8b09db242b508ee70684cef8cd3c6b7ec3e23
      - key: resources/plc.svg
        path: resources/plc.svg
        hash: sha256:7c602ad09c7a3e177b4832289683d0e93b5111b8f2f4ba5d9e2069c24a1b5f7d
      - key: resources/sensor.svg
        path: resources/sensor.svg
        hash: sha256:98ad9b4ae9de042670ebaeaa3f5f0eea58808d9293954a0074bd9c269c607554
      - key: resources/terminal.svg
        path: resources/terminal.svg
        hash: sha256:1fb304835be4562eeeb6efae128efed5d0ee4f18b6801205d6e2c7580ded53a6
    dependencies: []
