# Derived resolution state for the Athena package graph.
# Generated from compiler-owned repository resolution. Manifest intent remains authoritative.
version: 2
schema: repository-lock-v2
compilerSchema: athena-lock-v2
validatedLockStateDigest: lock-state:3e63fd5050837517b07f0ab76f5c2f4497ddf524a55b5fbede0956dbe381ed16
primaryPackage:
  name: com.engineeringood.m20.sample
  version: 1.0.0
packages:
  - name: com.engineeringood.m20.sample
    version: 1.0.0
    sourceRoot: src
    snapshotDigest: package-snapshot:4b38670ddded68ee26441d14ba7fd1e605079ef150b17c785468d959bf2ef52f
    sourceHashes:
      - path: com/engineeringood/m20/sample/01-schematic-sheet.athena
        hash: sha256:4cc0384b47250dd7bcdeeb02eacd52f0cd4e9ecb51d85d69d6379d7471c5555c
      - path: com/engineeringood/m20/sample/02-dense-sheet.athena
        hash: sha256:06efffe9be33c3721ef951824e97d580c8cd47caa2ec215c4a7ead6710a44716
      - path: com/engineeringood/m20/sample/03-acceptance-sheet.athena
        hash: sha256:1cf6d8d71cd9858620c3b38e8fd0c7ef78950559ec7832c17c82270d4166afa9
      - path: com/engineeringood/m20/sample/04-boundary-scope.athena
        hash: sha256:6aa0af7cedef4bb59df5f4f5aed18ceca05475259ed80a49b86127385f4768cb
    resourceHashes: []
    dependencies: []
