# Derived resolution state for the Athena package graph.
# Generated from compiler-owned repository resolution. Manifest intent remains authoritative.
version: 2
schema: repository-lock-v2
compilerSchema: athena-lock-v2
validatedLockStateDigest: lock-state:7b1ce2267d1604dd1852b4a227c6b19afa86525ea9d9874c5014472a353c69b6
primaryPackage:
  name: com.engineeringood.m20.sample
  version: 1.0.0
packages:
  - name: com.engineeringood.m20.sample
    version: 1.0.0
    sourceRoot: src
    snapshotDigest: package-snapshot:cb964d66ab203f9a66d22c22211306560b4328cf263d3577521db98db811ad32
    sourceHashes:
      - path: com/engineeringood/m20/sample/01-schematic-sheet.athena
        hash: sha256:a8ec7ff9be3f51602c53e864eaabf687d5d9e8320b75a1bb64fed56d5c97420f
      - path: com/engineeringood/m20/sample/02-dense-sheet.athena
        hash: sha256:cdb6667a6c8ec90f3bb82dcaf0ccf9be37ee17d334a602cdf7960d5e2c103143
      - path: com/engineeringood/m20/sample/03-acceptance-sheet.athena
        hash: sha256:a3251f502afadfd2c2b0fadc168a270fbee2ac8d28ddbd973206027d8aa8c159
      - path: com/engineeringood/m20/sample/04-boundary-scope.athena
        hash: sha256:3da3c69ea97f62298af5608baa1e2614da3321e678a92e425e0fcbf567c83cbb
    resourceHashes: []
    dependencies: []
