# Derived resolution state for the Athena package graph.
# Generated from compiler-owned repository resolution. Manifest intent remains authoritative.
version: 2
schema: repository-lock-v2
compilerSchema: athena-m35-lock-v2
validatedLockStateDigest: lock-state/v1:456c1d3f2fb01171d68c4b1fa81acc260be71d5fb92bd80890762bd268cf8fd6
primaryPackage:
  name: com.engineeringood.m26.sample
  version: 1.0.0
packages:
  - name: com.engineeringood.m26.sample
    version: 1.0.0
    sourceRoot: src
    snapshotDigest: package-snapshot/v1:e7749b90e87517874f13fbdbcb0b027eebaf3b65a9aa3bd88fdad82faf9f891d
    sourceHashes:
      - path: com/engineeringood/m26/sample/01-workspace-semantic-source.athena
        hash: sha256:80ad057b94c38e1cb17540297034e4b32ddd46419e6a11052810d792072c7bcf
      - path: com/engineeringood/m26/sample/02-field-assets-not-a-sheet.athena
        hash: sha256:b31a1e67628e4ad08928af6dfb16dc12e1caf92781b29b04173d72b18115791e
    resourceHashes: []
    dependencies: []
