# Derived resolution state for the Athena package graph.
# Generated from compiler-owned repository resolution. Manifest intent remains authoritative.
version: 2
schema: repository-lock-v2
compilerSchema: athena-lock-v2
validatedLockStateDigest: lock-state:332129d5ac01583585a31d3bcd446e71b3b5fd671d984d694b926f52f5a3e06d
primaryPackage:
  name: com.engineeringood.m26.sample
  version: 1.0.0
packages:
  - name: com.engineeringood.m26.sample
    version: 1.0.0
    sourceRoot: src
    snapshotDigest: package-snapshot:59bc9195fc0bb2b1be95a190ba4285bf52b139a9a8da5e8e572e019d95c60bb4
    sourceHashes:
      - path: com/engineeringood/m26/sample/01-workspace-semantic-source.athena
        hash: sha256:ea14039721b7ff38501d9afc2cbabbe92092435146a975468f2309366a33f4e3
      - path: com/engineeringood/m26/sample/02-field-assets-not-a-sheet.athena
        hash: sha256:bae636b646febed7a45250488d334eee31c258b8184ea59f41ba6ac1b717ddb9
    resourceHashes: []
    dependencies: []
