# Derived resolution state for the Athena package graph.
# Generated from compiler-owned repository resolution. Manifest intent remains authoritative.
version: 2
schema: repository-lock-v2
compilerSchema: athena-m35-lock-v2
validatedLockStateDigest: lock-state/v1:85c893b2423a886d6881a47dc5d630ed4d69131ea72f5b53375227518fe59058
primaryPackage:
  name: com.engineeringood.m10.proof
  version: 0.1.0
packages:
  - name: com.engineeringood.m10.proof
    version: 0.1.0
    sourceRoot: src
    snapshotDigest: package-snapshot/v1:e2774a4f23d15293dfde3bc6b62e2c71af1b14bed43a1d2d5bdb66aaab7cd3f4
    sourceHashes:
      - path: com/engineeringood/m10/proof/factoryline.athena
        hash: sha256:ea41c3002a2bfa28824af635f923dca2d5523a7c2546e2cc415ae08e1217e4e9
    resourceHashes: []
    dependencies: []
