# Derived resolution state for the Athena package graph.
# Generated from compiler-owned repository resolution. Manifest intent remains authoritative.
version: 2
schema: repository-lock-v2
compilerSchema: athena-lock-v2
validatedLockStateDigest: lock-state:be5c41a283106c82da70d19814a5b2ff20ef71291d8b0e9d327ffde10f056d20
primaryPackage:
  name: com.engineeringood.m10.proof
  version: 0.1.0
packages:
  - name: com.engineeringood.m10.proof
    version: 0.1.0
    sourceRoot: src
    snapshotDigest: package-snapshot:27df4e697174ae00fa4190f264233042f906b806a679a528ae1d42a6126f849c
    sourceHashes:
      - path: com/engineeringood/m10/proof/factoryline.athena
        hash: sha256:ea41c3002a2bfa28824af635f923dca2d5523a7c2546e2cc415ae08e1217e4e9
    resourceHashes: []
    dependencies: []
