# Derived resolution state for the Athena package graph.
# Generated from compiler-owned repository resolution. Manifest intent remains authoritative.
version: 2
schema: repository-lock-v2
compilerSchema: athena-lock-v2
validatedLockStateDigest: lock-state:296c8a6d7bac3c423759c28319d840b465ffd8af54014f2d654bc4ba75ce9102
primaryPackage:
  name: com.engineeringood.m10.proof
  version: 0.1.0
packages:
  - name: com.engineeringood.m10.proof
    version: 0.1.0
    sourceRoot: src
    snapshotDigest: package-snapshot:f3939aa713697e682525459d68d477f1a90270a52b55b6619c13081490dc9cb8
    sourceHashes:
      - path: com/engineeringood/m10/proof/factoryline.athena
        hash: sha256:2ecb6af35a85d97daf5a7166698ff54f04eb12887577a55bad7b02448e24effb
    resourceHashes: []
    dependencies: []
