# Derived resolution state for the Athena package graph.
# Generated from compiler-owned repository resolution. Manifest intent remains authoritative.
version: 2
schema: repository-lock-v2
compilerSchema: athena-lock-v2
validatedLockStateDigest: lock-state:be9a2065441bad9e2bcb6429ad113a4c1f3961375849aaeda9e593e7484ef4ba
primaryPackage:
  name: com.engineeringood.m41.rollingshutter
  version: 1.0.0
packages:
  - name: com.engineeringood.m41.rollingshutter
    version: 1.0.0
    sourceRoot: src
    snapshotDigest: package-snapshot:cdc1c36f8da0f87a2cf228c8f0250bf42e26dafba418b939c2265c23bdfa5dcf
    sourceHashes:
      - path: com/engineeringood/m41/rollingshutter/01-rolling-shutter-spatial.athena
        hash: sha256:3e7a5b52e41b33b31a6850a1e5f04f7f7a9ca90c4581ba8768c8a2aad9cefa86
    resourceHashes: []
    dependencies: []
