# Derived resolution state for the Athena package graph.
# Generated from compiler-owned repository resolution. Manifest intent remains authoritative.
version: 2
schema: repository-lock-v2
compilerSchema: athena-m35-lock-v2
validatedLockStateDigest: lock-state/v1:ea39c7c652ad3cdb2262071f466828ebfa332f9285a8a8897503f258a41321ba
primaryPackage:
  name: com.engineeringood.m23.sample
  version: 1.0.0
packages:
  - name: com.engineeringood.m23.sample
    version: 1.0.0
    sourceRoot: src
    snapshotDigest: package-snapshot/v1:ac9cdb51a960dea6d4ca2ddd75159b987dfe805268a5d78a38f657378a647e56
    sourceHashes:
      - path: com/engineeringood/m23/sample/01-layout-hints.athena
        hash: sha256:89ce4032c25c26fb819cba289abcab097a984fc36bbf288f54b2741f2a0492d2
    resourceHashes: []
    dependencies: []
