# Derived resolution state for the Athena package graph.
# Generated from compiler-owned repository resolution. Manifest intent remains authoritative.
version: 2
schema: repository-lock-v2
compilerSchema: athena-lock-v2
validatedLockStateDigest: lock-state:63c64667f0b2a0728449fec364489570596069c6694c89d366db9fa4d3bae9c1
primaryPackage:
  name: com.engineeringood.m27.sample
  version: 1.0.0
packages:
  - name: com.engineeringood.m27.sample
    version: 1.0.0
    sourceRoot: src
    snapshotDigest: package-snapshot:bcc5733e465b0f234cf42f8f09fef14585dfa7cc830a593b21cb5261ca889795
    sourceHashes:
      - path: com/engineeringood/m27/sample/01-workspace-semantic-source.athena
        hash: sha256:5e5569c4bc7a2809e2a708c058c7ecb980040b883a6c755bd2580c7b305b13f0
      - path: com/engineeringood/m27/sample/02-field-assets-not-a-sheet.athena
        hash: sha256:239225a8aecd3dfbe95f3178ffb92fcb72e8d996b7b4abbf6603e070886468d6
    resourceHashes: []
    dependencies: []
