# Derived resolution state for the Athena package graph.
# Generated from compiler-owned repository resolution. Manifest intent remains authoritative.
version: 2
schema: repository-lock-v2
compilerSchema: athena-lock-v2
validatedLockStateDigest: lock-state:3c316d6fa738b9841ed1925b42298ae04920c73a2b9e867847a98b94ebe6e7e2
primaryPackage:
  name: com.engineeringood.m27.sample
  version: 1.0.0
packages:
  - name: com.engineeringood.m27.sample
    version: 1.0.0
    sourceRoot: src
    snapshotDigest: package-snapshot:a0fd9e5a015e2149300f0dc8a0c6a2d62e5ad65359ad8c2849cfd4e0b43e1658
    sourceHashes:
      - path: com/engineeringood/m27/sample/01-workspace-semantic-source.athena
        hash: sha256:387bfc0aeb54e2da929e27de8295aeb50b8adc27c38105699ba8dfa298cb1859
      - path: com/engineeringood/m27/sample/02-field-assets-not-a-sheet.athena
        hash: sha256:feaa350024feb232f22c05a10f09594ebd5c6c3d2f33f2d9df243bf0eec1cc29
    resourceHashes: []
    dependencies: []
