# Derived resolution state for the Athena package graph.
# Generated from compiler-owned repository resolution. Manifest intent remains authoritative.
version: 2
schema: repository-lock-v2
compilerSchema: athena-m35-lock-v2
validatedLockStateDigest: lock-state/v1:816afdaff8d7d6eb6fcd87193d6ea0ed368dd9edf34bd910a895db96cac9e65e
primaryPackage:
  name: com.engineeringood.m27.sample
  version: 1.0.0
packages:
  - name: com.engineeringood.m27.sample
    version: 1.0.0
    sourceRoot: src
    snapshotDigest: package-snapshot/v1:bfb1164c1c7a2752415600c02ff6e429c869fe597ae26fe0bbc901f947842b9c
    sourceHashes:
      - path: com/engineeringood/m27/sample/01-workspace-semantic-source.athena
        hash: sha256:302a70b817ba7a975e1b75bd9356ded679ee3b677dd6ea74a4d279db9d204439
      - path: com/engineeringood/m27/sample/02-field-assets-not-a-sheet.athena
        hash: sha256:ba481d60886cf3da873c5ed50b75ac196acdb42e00c53d1235ff82e8663595cd
    resourceHashes: []
    dependencies: []
