# Derived resolution state for the Athena package graph.
# Generated from compiler-owned repository resolution. Manifest intent remains authoritative.
version: 2
schema: repository-lock-v2
compilerSchema: athena-lock-v2
validatedLockStateDigest: lock-state:cd7cab4e82fce42c97682d4aba40ae4f9046ba60d7450a92f56db55bef299341
primaryPackage:
  name: com.engineeringood.m21.sample
  version: 1.0.0
packages:
  - name: com.engineeringood.m21.sample
    version: 1.0.0
    sourceRoot: src
    snapshotDigest: package-snapshot:b5129cdbee776bb99c2f24e0ced6b68e2be0a214f57d0f7772e80e59649b1482
    sourceHashes:
      - path: com/engineeringood/m21/sample/01-baseline-sheet.athena
        hash: sha256:920d73e14790debfd85e8ca1caedc53bf231a8474b348d69a584850b849798d6
      - path: com/engineeringood/m21/sample/02-layout-intelligence-acceptance.athena
        hash: sha256:905fe9c8be267fbfb2cff9db38b07bf73b0da661a32a8961cf8c4fd5976cd5e7
      - path: com/engineeringood/m21/sample/03-routing-and-label-readability.athena
        hash: sha256:7247b0d14cb55ba3607c86ce476292bd26dbf247786174331f90e96d3f9cb300
      - path: com/engineeringood/m21/sample/04-boundary-scope.athena
        hash: sha256:d6ace838f2dc1319919b4e2ef65b7f61c16333b7b4ba12e0d163b4aa1f8f845c
    resourceHashes: []
    dependencies: []
