# Derived resolution state for the Athena package graph.
# Generated from compiler-owned repository resolution. Manifest intent remains authoritative.
version: 2
schema: repository-lock-v2
compilerSchema: athena-lock-v2
validatedLockStateDigest: lock-state:6f65056087ae0b6540fbd2dd12596d2e1e9b7230a372e702f5fe044ffd973c1f
primaryPackage:
  name: com.engineeringood.rendererbenchmark
  version: 1.0.0
packages:
  - name: com.engineeringood.rendererbenchmark
    version: 1.0.0
    sourceRoot: src
    snapshotDigest: package-snapshot:affca3bb9c5cc6e4bde66fc01c592656d6bb7931145f82984f685fd15f75d1b8
    sourceHashes:
      - path: com/engineeringood/rendererbenchmark/expansion-line.athena
        hash: sha256:f8a0b46cbf989148fc1fd8fff65463d0d66774a8b2e53b3bddc38103cf46838a
    resourceHashes: []
    dependencies: []
