# THIS IS AN AUTOGENERATED FILE. DO NOT EDIT THIS FILE DIRECTLY.
# yarn lockfile v1


tree-sitter-cli@>=0.26.1:
  version "0.26.11"
  resolved "https://registry.npmmirror.com/tree-sitter-cli/-/tree-sitter-cli-0.26.11.tgz#73b50badb2320800b6fb74945796d17f5845bcb0"
  integrity sha512-/hRCA0Ehkgk6B5WTYSiENk1R2Zv3LJcfvL3wjofzx+EYaKySZDu0agGRQcccay9Lg7wxJWsDa9cTRS92wsM5gQ==

web-tree-sitter@^0.26.0:
  version "0.26.11"
  resolved "https://registry.npmmirror.com/web-tree-sitter/-/web-tree-sitter-0.26.11.tgz#4cf91d060f4203b9975bf7f8f66008b1466457d6"
  integrity sha512-Q5Dm3YTIXSXuH6FxX6RuzX2Qwpc4DPGiYMU87Wg5Z8OIStiQFiUex4zMDc0vBTw78EphaYJacncJghCHzbZptg==
