# Derived resolution state for the Athena package graph.
# Generated from compiler-owned repository resolution. Manifest intent remains authoritative.
version: 2
schema: repository-lock-v2
compilerSchema: athena-lock-v2
validatedLockStateDigest: lock-state:21df6d5465fac60070ade956ec7ace469eb016a1af15158b7047b6dad8a5c4dc
primaryPackage:
  name: com.engineeringood.m30.sample
  version: 1.0.0
packages:
  - name: com.engineeringood.m30.sample
    version: 1.0.0
    sourceRoot: src
    snapshotDigest: package-snapshot:f4155be2fa65ef1e35ced3de12996b4c511b89b0468ce455af347c798693b621
    sourceHashes:
      - path: com/engineeringood/m30/sample/01-rolling-shutter-control-source.athena
        hash: sha256:e983afd6a8b57b009b67be7bd870a4623bde8327f614841105c4a45d59490bc0
    resourceHashes: []
    dependencies: []
