# Derived resolution state for the Athena package graph.
# Generated from compiler-owned repository resolution. Manifest intent remains authoritative.
version: 2
schema: repository-lock-v2
compilerSchema: athena-lock-v2
validatedLockStateDigest: lock-state:97486b0bf4ad344fcf256249d45f8f9080512d77acd63e5de0c1997c11d2e3c6
primaryPackage:
  name: com.engineeringood.m31.sample
  version: 1.0.0
packages:
  - name: com.engineeringood.m31.sample
    version: 1.0.0
    sourceRoot: src
    snapshotDigest: package-snapshot:e13d9baf2202c875eb449a6a8f7f88188e73b4ecb22dc9a516e9dd21c521baed
    sourceHashes:
      - path: com/engineeringood/m31/sample/01-governed-authoring-customer-source.athena
        hash: sha256:27ac4b002e349688d12da25e511f6feac04784d95d4b373c83050ddd3ba4f73d
    resourceHashes: []
    dependencies: []
