# Derived resolution state for the Athena package graph.
# Generated from compiler-owned repository resolution. Manifest intent remains authoritative.
version: 2
schema: repository-lock-v2
compilerSchema: athena-lock-v2
validatedLockStateDigest: lock-state:4624910f480960ddd9d13f70c050ee1dc4387401434955430c2eba2a1895de57
primaryPackage:
  name: com.engineeringood.examples.m14.siemens.proof.corpus
  version: 1.0.0
packages:
  - name: com.engineeringood.examples.m14.siemens.proof.corpus
    version: 1.0.0
    sourceRoot: src
    snapshotDigest: package-snapshot:6301bb0aeb1ae6e547522e72034caedf4d7c00b1d03bd53a207e4f088941e670
    sourceHashes:
      - path: com/engineeringood/examples/m14/siemens/proof/corpus/siemens-proof-corpus.athena
        hash: sha256:92d8ebcf5e313b69e403d399feb88e770c3e4304635319d2968409216909cbef
    resourceHashes: []
    dependencies: []
