# Derived resolution state for the Athena package graph.
# Generated from compiler-owned repository resolution. Manifest intent remains authoritative.
version: 2
schema: repository-lock-v2
compilerSchema: athena-lock-v2
validatedLockStateDigest: lock-state:e41dda3b37233ba15cf0a968a0672d91a7812cc7266302ca8fcf0f1c47d87d7d
primaryPackage:
  name: com.engineeringood.examples.m14.siemens.proof.corpus
  version: 1.0.0
packages:
  - name: com.engineeringood.examples.m14.siemens.proof.corpus
    version: 1.0.0
    sourceRoot: src
    snapshotDigest: package-snapshot:ff31f85921b23284b6c6c14f58500d446933d12a85de286cfe6e9d069f28d6f5
    sourceHashes:
      - path: com/engineeringood/examples/m14/siemens/proof/corpus/siemens-proof-corpus.athena
        hash: sha256:eef436edeabb2acc2ff28680246f6d447691732c6b94af187d634f228d903aea
    resourceHashes: []
    dependencies: []
