# Derived resolution state for the Athena package graph.
# Generated from compiler-owned repository resolution. Manifest intent remains authoritative.
version: 2
schema: repository-lock-v2
compilerSchema: athena-lock-v2
validatedLockStateDigest: lock-state:9b244968d2022bfd7fcef8af74b60f19fb89d483e8897eac68e31117ba8d4207
primaryPackage:
  name: com.engineeringood.m18.root
  version: 1.0.0
packages:
  - name: com.engineeringood.m18.root
    version: 1.0.0
    sourceRoot: src
    snapshotDigest: package-snapshot:1f8be760142a63342c6fafe57dfa34d272931cf3f6d0df3c13e6a6f56b5d087e
    sourceHashes:
      - path: com/engineeringood/m18/root/cross-package-consumer.athena
        hash: sha256:1a1590bd18eb5d9947e838c6cfb8138c4d11d63c98e51d85c759776c1754b685
      - path: com/engineeringood/m18/root/invalid-import.athena
        hash: sha256:54ac5830a2f0407848be5a71a701ab064e53829dd93dc82022ebd03219333efd
      - path: com/engineeringood/m18/root/single-package-success.athena
        hash: sha256:af3081b25c9421b958323e89630e837725399f80d0d77901fe79b57f0fad9559
      - path: com/engineeringood/m18/root/unresolved-symbol.athena
        hash: sha256:ca3a61de527eeb36efb339d1d01f696ab5887d9625b18e883b5b44a15598300a
    resourceHashes: []
    dependencies:
      - name: com.engineeringood.m18.vendor.controls
        version: 1.0.0
  - name: com.engineeringood.m18.vendor.controls
    version: 1.0.0
    sourceRoot: vendor/controls/src
    snapshotDigest: package-snapshot:0085c6df2442f591bb0ac2f3511c71c21debe563c7741e6cfd073923d9ffca3f
    sourceHashes:
      - path: com/engineeringood/m18/vendor/controls/vendor-controls.athena
        hash: sha256:918033de88733e7a6d35750fce4fd52b5cd7bc6053db68698317e431876bdaa5
    resourceHashes: []
    dependencies: []
