# Derived resolution state for the Athena package graph.
# Generated from compiler-owned repository resolution. Manifest intent remains authoritative.
version: 2
schema: repository-lock-v2
compilerSchema: athena-lock-v2
validatedLockStateDigest: lock-state:d017c976e555c62e4a9acb86331e8b51bc170bc5bc3ad53f4149fd1d3663683f
primaryPackage:
  name: com.engineeringood.m18.root
  version: 1.0.0
packages:
  - name: com.engineeringood.m18.root
    version: 1.0.0
    sourceRoot: src
    snapshotDigest: package-snapshot:a3b28cd46fb8cbeef5f5668a30c2fc4af7942a59a3ada896e4c6fc82c89bed62
    sourceHashes:
      - path: com/engineeringood/m18/root/cross-package-consumer.athena
        hash: sha256:c1c60ab4764d3f171c9256c3ca5eb0b1d6e02b70b4d0aed61ca399650277c47e
      - path: com/engineeringood/m18/root/invalid-import.athena
        hash: sha256:39e316ee85b348f894e456d02dfdb09ce062741bb395524c76e92bea43d83863
      - path: com/engineeringood/m18/root/single-package-success.athena
        hash: sha256:c9cf115942d03ec6d184eebeb3001dad62655b7c0a90f2cae1bc890dbde86bde
      - path: com/engineeringood/m18/root/unresolved-symbol.athena
        hash: sha256:b8f279a19ae977c265f289b1da70a143098c077d29189d2bb601fc4e989b1259
    resourceHashes: []
    dependencies:
      - name: com.engineeringood.m18.vendor.controls
        version: 1.0.0
  - name: com.engineeringood.m18.vendor.controls
    version: 1.0.0
    sourceRoot: vendor/controls/src
    snapshotDigest: package-snapshot:6af93d9251fdf8c61a57316088302a10ca83b1cd5dde7c1adf6a2785d34ee4ef
    sourceHashes:
      - path: com/engineeringood/m18/vendor/controls/vendor-controls.athena
        hash: sha256:63ce6a68cd1951e300c9116f4a837e8260efb6bce3a3623d003f90a1506ddfef
    resourceHashes: []
    dependencies: []
