# Derived resolution state for the Athena package graph.
# Generated from compiler-owned repository resolution. Manifest intent remains authoritative.
version: 2
schema: repository-lock-v2
compilerSchema: athena-lock-v2
validatedLockStateDigest: lock-state:5f4a5f1ccc450b5250a380f652e0c87da67d3e6cac366fb6107552258c880517
primaryPackage:
  name: com.engineeringood.m34.professional
  version: 1.0.0
packages:
  - name: com.engineeringood.m34.professional
    version: 1.0.0
    sourceRoot: src
    snapshotDigest: package-snapshot:5f798584637d97effdf649b078cbca60f8ad036938341a7654ec86c3bbee6778
    sourceHashes:
      - path: com/engineeringood/m34/professional/01-control-drawing.athena
        hash: sha256:b0d3db320cc98863f551213d52250036cb1376a0b82ac503bf2adf5ca4c3df36
    resourceHashes: []
    dependencies: []
