# Derived resolution state for the Athena package graph.
# Generated from compiler-owned repository resolution. Manifest intent remains authoritative.
version: 2
schema: repository-lock-v2
compilerSchema: athena-m35-lock-v2
validatedLockStateDigest: lock-state/v1:d84ab598e8f2ec414e29c7dd4272ac6fadb0600b21f8bcee1caa3fc5cfe86c7f
primaryPackage:
  name: com.engineeringood.m24.sample
  version: 1.0.0
packages:
  - name: com.engineeringood.m24.sample
    version: 1.0.0
    sourceRoot: src
    snapshotDigest: package-snapshot/v1:c465dc32908336ef033615661bd185d3e36100a445274a137a45ae3518907f88
    sourceHashes:
      - path: com/engineeringood/m24/sample/01-control-route.athena
        hash: sha256:5c138a9920dbacefd80507ac204fcc191836a343953c50679916a620ddddc433
      - path: com/engineeringood/m24/sample/02-terminal-strip-routes.athena
        hash: sha256:c5d31794f26fd79837f1e83b98ade9d5f39fb2bbb0bd4ff563f9c7a306cae0a0
      - path: com/engineeringood/m24/sample/03-power-protection-load.athena
        hash: sha256:e9d63484a2c0b1537d965897fe632ae7093f07d6d8083aeac7635fcb5ec43b5f
    resourceHashes: []
    dependencies: []
