# Derived resolution state for the Athena package graph.
# Generated from compiler-owned repository resolution. Manifest intent remains authoritative.
version: 2
schema: repository-lock-v2
compilerSchema: athena-lock-v2
validatedLockStateDigest: lock-state:24329e2551fd875cae6ecc16f779a291c9952c6fbec5f0d65969be75a1947acc
primaryPackage:
  name: com.engineeringood.m24.sample
  version: 1.0.0
packages:
  - name: com.engineeringood.m24.sample
    version: 1.0.0
    sourceRoot: src
    snapshotDigest: package-snapshot:8cdc78ce72b847711aa9d282c007d3de69b6d3891a875219919dfa406e1c0da9
    sourceHashes:
      - path: com/engineeringood/m24/sample/01-control-route.athena
        hash: sha256:befb58b18f5f9bf6bc02105f49ae34b35155b5559af780245861dadd691e5f21
      - path: com/engineeringood/m24/sample/02-terminal-strip-routes.athena
        hash: sha256:68b1e7bb8d8b42d63901ad5084f98a90803a0e96018c598b3af7cc2ae66440a2
      - path: com/engineeringood/m24/sample/03-power-protection-load.athena
        hash: sha256:fcc018b637ab50fb35f52036319dac22beefa2d058b110d5ec0cfeedaf984de9
    resourceHashes: []
    dependencies: []
