# Derived resolution state for the Athena package graph.
# Generated from compiler-owned repository resolution. Manifest intent remains authoritative.
version: 2
schema: repository-lock-v2
compilerSchema: athena-m35-lock-v2
validatedLockStateDigest: lock-state/v1:47151ba7a99f1511904f8aa68572eca7a2853ac11475e504de76fe238cbd0324
primaryPackage:
  name: com.engineeringood.m24.sample
  version: 1.0.0
packages:
  - name: com.engineeringood.m24.sample
    version: 1.0.0
    sourceRoot: src
    snapshotDigest: package-snapshot/v1:851cc2205dced621569835f4492aa13782b6bb5600cdd0a04d7ba62391758565
    sourceHashes:
      - path: com/engineeringood/m24/sample/01-control-route.athena
        hash: sha256:1f2fccb7bb79da530840867159a36aceb0440fafe9636fe6b9b9075be9b4498e
      - path: com/engineeringood/m24/sample/02-terminal-strip-routes.athena
        hash: sha256:f3cefd4ecd25ca84088ef9a34b37c6cd8202f95909cb68f1a85e10cc7d81f569
      - path: com/engineeringood/m24/sample/03-power-protection-load.athena
        hash: sha256:acd7f10deedd7d5b568c5ac3c01c94928cf85e584e37e1fa051cb4ced5afaf7a
    resourceHashes: []
    dependencies: []
