# Derived resolution state for the Athena package graph.
# Generated from compiler-owned repository resolution. Manifest intent remains authoritative.
version: 2
schema: repository-lock-v2
compilerSchema: athena-lock-v2
validatedLockStateDigest: lock-state:c4878112527da3611732cb3166f01dd26ae13289403fc829cf39f74410992f27
primaryPackage:
  name: com.engineeringood.m39.realityproductproof
  version: 1.0.0
packages:
  - name: com.engineeringood.m39.realityproductproof
    version: 1.0.0
    sourceRoot: src
    snapshotDigest: package-snapshot:542151811118cda5fe1764dc4ac26b26d69c5013b183859949dd038847d89e5d
    sourceHashes:
      - path: com/engineeringood/m39/realityproductproof/01-reality-product-proof.athena
        hash: sha256:ebda28784eb928b797e1605214faf6303795217e149a65cc508c5f552c5eeacb
    resourceHashes: []
    dependencies: []
