# Derived resolution state for the Athena package graph.
# Generated from compiler-owned repository resolution. Manifest intent remains authoritative.
version: 2
schema: repository-lock-v2
compilerSchema: athena-lock-v2
validatedLockStateDigest: lock-state:bcfde5addf1a83e8a23ec7bca5e6b1be1d42a3e1abf83f8a98bdaedeab667ad3
primaryPackage:
  name: com.engineeringood.m40.rollingshutter
  version: 1.0.0
packages:
  - name: com.engineeringood.m40.rollingshutter
    version: 1.0.0
    sourceRoot: src
    snapshotDigest: package-snapshot:40e142c9d3fffb63acd886279f71e685058cb2c0abc7c2860db7432a6cd2fef5
    sourceHashes:
      - path: com/engineeringood/m40/rollingshutter/01-rolling-shutter-control.athena
        hash: sha256:e15931561744f36bd490c96b305baf9124244ad6fce22e45822c541f55b532d7
    resourceHashes: []
    dependencies: []
