# Derived resolution state for the Athena package graph.
# Generated from compiler-owned repository resolution. Manifest intent remains authoritative.
version: 2
schema: repository-lock-v2
compilerSchema: athena-lock-v2
validatedLockStateDigest: lock-state:6f32ce7ff45b03487e7a19ccf67e7ee9fb7b1e0d94ab515b475a83126790a823
primaryPackage:
  name: com.engineeringood.m28.sample
  version: 1.0.0
packages:
  - name: com.engineeringood.m28.sample
    version: 1.0.0
    sourceRoot: src
    snapshotDigest: package-snapshot:a0ead2b903b7a1b007d7a5c8140ba446d8b30880aa4d9da3c7de89c2409ad74b
    sourceHashes:
      - path: com/engineeringood/m28/sample/01-relationship-authoring-source.athena
        hash: sha256:54780ddea88dc16ca6c8bea5363cb7a650bc534a2628af1dcf97d1cf0151e99e
      - path: com/engineeringood/m28/sample/02-relationship-candidates.athena
        hash: sha256:ce7af724acf2a7d52d7fb6f3a62a76de3030bd931687966ad2f67acd2e9ea729
    resourceHashes: []
    dependencies: []
