# Derived resolution state for the Athena package graph.
# Generated from compiler-owned repository resolution. Manifest intent remains authoritative.
version: 2
schema: repository-lock-v2
compilerSchema: athena-lock-v2
validatedLockStateDigest: lock-state:b7af0b086ae85c5b1f851f465c7f401b178de17b851baeffdb26a78e2e569c68
primaryPackage:
  name: com.engineeringood.m28.sample
  version: 1.0.0
packages:
  - name: com.engineeringood.m28.sample
    version: 1.0.0
    sourceRoot: src
    snapshotDigest: package-snapshot:4ac453fe2ae73f6bad228c0e7546fdcd80ebed503c5416ee3a0282720177e742
    sourceHashes:
      - path: com/engineeringood/m28/sample/01-relationship-authoring-source.athena
        hash: sha256:733896f0e3855982735562d631527b8caf2227346c8e2b47cb5ae17aa56a19f5
      - path: com/engineeringood/m28/sample/02-relationship-candidates.athena
        hash: sha256:409df7f137a56c61bdef4b99765870de266680b110a0de2a8126278caea36a7e
    resourceHashes: []
    dependencies: []
