# Derived resolution state for the Athena package graph.
# Generated from compiler-owned repository resolution. Manifest intent remains authoritative.
version: 2
schema: repository-lock-v2
compilerSchema: athena-lock-v2
validatedLockStateDigest: lock-state:e041011e51c8c33c5c676b08bec6d84876fa5ba44ccc1701e0934e83f7d32421
primaryPackage:
  name: com.engineeringood.m28.sample
  version: 1.0.0
packages:
  - name: com.engineeringood.m28.sample
    version: 1.0.0
    sourceRoot: src
    snapshotDigest: package-snapshot:83741df736de46168d8b865f99454a62053b0429a2cd921a1b17412c9a1915b2
    sourceHashes:
      - path: com/engineeringood/m28/sample/01-relationship-authoring-source.athena
        hash: sha256:af0864206c7624cd1257bc9008f65f0405fa8ae59159cb30af82f92865801cd3
      - path: com/engineeringood/m28/sample/02-relationship-candidates.athena
        hash: sha256:5e12366b1cfb7034279a57b6cf167d81e42d524244213426738f2bb71becc0fa
    resourceHashes: []
    dependencies: []
