# Derived resolution state for the Athena package graph.
# Generated from compiler-owned repository resolution. Manifest intent remains authoritative.
version: 2
schema: repository-lock-v2
compilerSchema: athena-m35-lock-v2
validatedLockStateDigest: lock-state/v1:b52a24bc57b2b85a8f98a4f8e5790a6cce55f13759fd48d694324231cd8f51c7
primaryPackage:
  name: com.engineeringood.m34.sample
  version: 1.0.0
packages:
  - name: com.engineeringood.m34.sample
    version: 1.0.0
    sourceRoot: src
    snapshotDigest: package-snapshot/v1:98d74ff5d929417961a20b803ed5e61b3968f411d974361639a818c549bd00fc
    sourceHashes:
      - path: com/engineeringood/m34/sample/01-native-cabinet-proof.athena
        hash: sha256:4ea6533a1270034e5442877973c6814d90c5dd75c187ec7f127021e58cb881f2
    resourceHashes: []
    dependencies: []
