# Derived resolution state for the Athena package graph.
# Generated from compiler-owned repository resolution. Manifest intent remains authoritative.
version: 2
schema: repository-lock-v2
compilerSchema: athena-lock-v2
validatedLockStateDigest: lock-state:26ff3aab7248b7d264b2a6ad75efc95e060bed0bfbce416e2f6a7b384deef9e1
primaryPackage:
  name: com.engineeringood.m34.sample
  version: 1.0.0
packages:
  - name: com.engineeringood.m34.sample
    version: 1.0.0
    sourceRoot: src
    snapshotDigest: package-snapshot:2d785bc340fc58e1f01c071ac167cd845e928f9c084ff2235f7326143cb048f7
    sourceHashes:
      - path: com/engineeringood/m34/sample/01-native-cabinet-proof.athena
        hash: sha256:965958e311e024daffca0c20b229d8659ee7454e88681d7ed4ddea4f1beba431
    resourceHashes: []
    dependencies: []
