# Derived resolution state for the Athena package graph.
# Generated from compiler-owned repository resolution. Manifest intent remains authoritative.
version: 2
schema: repository-lock-v2
compilerSchema: athena-lock-v2
validatedLockStateDigest: lock-state:0436824f007fdf2ee92d5baca3c631b6e38bf49d121415d5345374c7326b29f4
primaryPackage:
  name: com.engineeringood.m36.connectivitycabinet
  version: 1.0.0
packages:
  - name: com.engineeringood.m36.connectivitycabinet
    version: 1.0.0
    sourceRoot: src
    snapshotDigest: package-snapshot:037e0ce5a2401f8600764a2419f4c54dc4b87c103817f64494bb580eb36cc36d
    sourceHashes:
      - path: com/engineeringood/m36/connectivitycabinet/01-connectivity-cabinet.athena
        hash: sha256:ce42d0e29f1a83254650cb66ece1051b883311248e3f11610ac3753a3b88c407
    resourceHashes: []
    dependencies: []
