# Derived resolution state for the Athena package graph.
# Generated from compiler-owned repository resolution. Manifest intent remains authoritative.
version: 2
schema: repository-lock-v2
compilerSchema: athena-lock-v2
validatedLockStateDigest: lock-state:587421f465ba8558a64c3bf395d465febd6ee1b71447b2b7894c728b532cd18e
primaryPackage:
  name: com.engineeringood.m25.sample
  version: 1.0.0
packages:
  - name: com.engineeringood.m25.sample
    version: 1.0.0
    sourceRoot: src
    snapshotDigest: package-snapshot:df3c4fdc31c499cd9791ed2a1df90869617fb93ce695abf7e6efde08800b5a1c
    sourceHashes:
      - path: com/engineeringood/m25/sample/01-professional-symbol-sheet.athena
        hash: sha256:2d95a11cea0dc7c0ee5a486c670ad866b08c99d82782403af939ac16f50840ad
      - path: com/engineeringood/m25/sample/02-terminal-labels-and-routes.athena
        hash: sha256:57de6e6550b04bcc3c9857c62da6964a8cc110622f98fc33b05df57751f299b8
      - path: com/engineeringood/m25/sample/03-six-family-acceptance.athena
        hash: sha256:3496ceaa2d1adc0d110dd7a5a24e440fe941cc8bffa9d6de32d402e00416edcc
    resourceHashes: []
    dependencies: []
