# Derived resolution state for the Athena package graph.
# Generated from compiler-owned repository resolution. Manifest intent remains authoritative.
version: 2
schema: repository-lock-v2
compilerSchema: athena-lock-v2
validatedLockStateDigest: lock-state:b6a98f4f06885a535c6b4cf46b144f86b4a8587220e541d87d59668c20b5ab2e
primaryPackage:
  name: com.engineeringood.factoryline
  version: 1.0.0
packages:
  - name: com.engineeringood.factoryline
    version: 1.0.0
    sourceRoot: src
    snapshotDigest: package-snapshot:ba53d9226b9c7e625b56e8f046d5ea4452d1055cca1a7e0b36aad0445857a97c
    sourceHashes:
      - path: com/engineeringood/factoryline/factoryline.athena
        hash: sha256:9d12cee080864239c6d69533fdcd314c29b0e72b1b9819d7c01b9525a6edb984
    resourceHashes: []
    dependencies: []
