# Derived resolution state for the Athena package graph.
# Generated from compiler-owned repository resolution. Manifest intent remains authoritative.
version: 2
schema: repository-lock-v2
compilerSchema: athena-lock-v2
validatedLockStateDigest: lock-state:b6fb8f0d1d1efab8a2ef299aa5f32083f20975e102925d294341354f19695b63
primaryPackage:
  name: com.engineeringood.examples.m16.semantic.reuse.proof
  version: 1.0.0
packages:
  - name: com.engineeringood.examples.m16.semantic.reuse.proof
    version: 1.0.0
    sourceRoot: src
    snapshotDigest: package-snapshot:9e238d345763272344db239b9206cb217045b516b58c823439b4e51bea9b97ba
    sourceHashes:
      - path: com/engineeringood/examples/m16/semantic/reuse/proof/semantic-reuse-proof.athena
        hash: sha256:25055f6208262ffdf16a689b24db13934a894e749dcf235bfd2e27b8262f6b08
    resourceHashes: []
    dependencies: []
