# Derived resolution state for the Athena package graph.
# Generated from compiler-owned repository resolution. Manifest intent remains authoritative.
version: 2
schema: repository-lock-v2
compilerSchema: athena-lock-v2
validatedLockStateDigest: lock-state:8cf05600dd8fe7061d7008724810b19f79fc2d65ca7c4e86cf5d55538f2dc660
primaryPackage:
  name: com.engineeringood.m35.packageproof
  version: 1.0.0
packages:
  - name: com.engineeringood.m35.packageproof
    version: 1.0.0
    sourceRoot: src
    snapshotDigest: package-snapshot:a69e0fcbbb9ae07c38e873ba38bb057a49669cc1d7739817f7f4e53c841a1595
    sourceHashes:
      - path: com/engineeringood/m35/packageproof/package-proof.athena
        hash: sha256:ebb0e30bc526aee16b0f6cbd2807417799590964ba339b9a70edcdb2b8428319
    resourceHashes: []
    dependencies: []
