# Derived resolution state for the Athena package graph.
# Generated from compiler-owned repository resolution. Manifest intent remains authoritative.
version: 2
schema: repository-lock-v2
compilerSchema: athena-lock-v2
validatedLockStateDigest: lock-state:f56787868ffe82e318b2417437f9cd9a03132175bfb78cbc0144dfcbecc532fa
primaryPackage:
  name: com.engineeringood.m32.sample
  version: 1.0.0
packages:
  - name: com.engineeringood.m32.sample
    version: 1.0.0
    sourceRoot: src
    snapshotDigest: package-snapshot:5c4e82f3afcd0c7716a450d454b672bcd6b6bd33799cfdd0c9fd69a88d003e08
    sourceHashes:
      - path: com/engineeringood/m32/sample/01-package-platform-demo.athena
        hash: sha256:9a808ca1deb05c9ca21d09dffcf64fd7b2b3cfa418e56f37a39a8d6312aa7f9a
    resourceHashes: []
    dependencies: []
